gitlab.com/mjwhitta/jq v1.3.1 h1:aGPgNmGDaAUIfyT1qOBBZhBYedXOzKVU/DpfKVNSOG8=
gitlab.com/mjwhitta/jq v1.3.1/go.mod h1:XVXaZsgHKLBvxql7riHkBAYyYnS+FT534xwcBikUsEI=
gitlab.com/mjwhitta/pathname v1.0.8 h1:hyycAuCgrNod6GKy44zI4os/irpsNSbAtZh57okY4Rw=
gitlab.com/mjwhitta/pathname v1.0.8/go.mod h1:OduXtPfsuCk5BMEWuDV3ipTnfyFDaFjHEmUzDWH9bss=
