gitlab.com/mjwhitta/jq v1.0.3 h1:xzjXnduAw/vHDQZ7pUBQf2eZOd+wj4sQR6u11f7okoE=
gitlab.com/mjwhitta/jq v1.0.3/go.mod h1:XVXaZsgHKLBvxql7riHkBAYyYnS+FT534xwcBikUsEI=
gitlab.com/mjwhitta/pathname v1.0.6 h1:hboITLPbJigX9WvKD6pv+Ay4w9zleOHnmJtGswBoYXg=
gitlab.com/mjwhitta/pathname v1.0.6/go.mod h1:DDc1eLhCHMHYMttam61vgyKGya/IIs2IDOTkr6GyFhs=
